
Microsoft Visual Studio Solution File, Format Version 12.00
# Visual Studio 2012
Project("{159641D6-6404-4A2A-AE62-294DE0FE8301}") = "ITHUB SSIS", "ITHUB SSIS\ITHUB SSIS.dtproj", "{FDB51F49-8551-4744-8EEB-CE485FA5D40C}"
EndProject
Global
	GlobalSection(SolutionConfigurationPlatforms) = preSolution
		Development|Default = Development|Default
	EndGlobalSection
	GlobalSection(ProjectConfigurationPlatforms) = postSolution
		{FDB51F49-8551-4744-8EEB-CE485FA5D40C}.Development|Default.ActiveCfg = Development
		{FDB51F49-8551-4744-8EEB-CE485FA5D40C}.Development|Default.Build.0 = Development
	EndGlobalSection
	GlobalSection(SolutionProperties) = preSolution
		HideSolutionNode = FALSE
	EndGlobalSection
EndGlobal
